{
  "originHash" : "b7aa4fd3eaf998027c7f4bb9d03a1991bd40cde4707c584fc1263529699d5314",
  "pins" : [
    {
      "identity" : "lightxmlparser",
      "kind" : "remoteSourceControl",
      "location" : "https://github.com/Rubenfer/LightXMLParser",
      "state" : {
        "revision" : "a6adb90467e6b847ae1abe2346ed027cc358c2ca",
        "version" : "0.1.1"
      }
    }
  ],
  "version" : 3
}
